
Microsoft Visual Studio Solution File, Format Version 12.00
# Visual Studio Version 16
VisualStudioVersion = 16.0.30804.86
MinimumVisualStudioVersion = 10.0.40219.1
Project("{FAE04EC0-301F-11D3-BF4B-00C04F79EFBC}") = "QuanLiDuAnGiaoThong.Android", "QuanLiDuAnGiaoThong\QuanLiDuAnGiaoThong.Android\QuanLiDuAnGiaoThong.Android.csproj", "{7D38E855-484A-401F-A1FA-762CDA5B53AC}"
EndProject
Project("{FAE04EC0-301F-11D3-BF4B-00C04F79EFBC}") = "QuanLiDuAnGiaoThong", "QuanLiDuAnGiaoThong\QuanLiDuAnGiaoThong\QuanLiDuAnGiaoThong.csproj", "{9E28F54F-DB23-40D9-8BE6-919DC219A138}"
EndProject
Project("{FAE04EC0-301F-11D3-BF4B-00C04F79EFBC}") = "DoAn_PTUDTTHD", "QuanLiDuAnGiaoThong\DOAN_PTUNDHD\DoAn_PTUDTTHD\DoAn_PTUDTTHD.csproj", "{1304CDB6-A5C4-430C-848C-1EA6F3D4B048}"
EndProject
Global
	GlobalSection(SolutionConfigurationPlatforms) = preSolution
		Debug|Any CPU = Debug|Any CPU
		Debug|iPhone = Debug|iPhone
		Debug|iPhoneSimulator = Debug|iPhoneSimulator
		Release|Any CPU = Release|Any CPU
		Release|iPhone = Release|iPhone
		Release|iPhoneSimulator = Release|iPhoneSimulator
	EndGlobalSection
	GlobalSection(ProjectConfigurationPlatforms) = postSolution
		{7D38E855-484A-401F-A1FA-762CDA5B53AC}.Debug|Any CPU.ActiveCfg = Debug|Any CPU
		{7D38E855-484A-401F-A1FA-762CDA5B53AC}.Debug|Any CPU.Build.0 = Debug|Any CPU
		{7D38E855-484A-401F-A1FA-762CDA5B53AC}.Debug|Any CPU.Deploy.0 = Debug|Any CPU
		{7D38E855-484A-401F-A1FA-762CDA5B53AC}.Debug|iPhone.ActiveCfg = Debug|Any CPU
		{7D38E855-484A-401F-A1FA-762CDA5B53AC}.Debug|iPhone.Build.0 = Debug|Any CPU
		{7D38E855-484A-401F-A1FA-762CDA5B53AC}.Debug|iPhone.Deploy.0 = Debug|Any CPU
		{7D38E855-484A-401F-A1FA-762CDA5B53AC}.Debug|iPhoneSimulator.ActiveCfg = Debug|Any CPU
		{7D38E855-484A-401F-A1FA-762CDA5B53AC}.Debug|iPhoneSimulator.Build.0 = Debug|Any CPU
		{7D38E855-484A-401F-A1FA-762CDA5B53AC}.Debug|iPhoneSimulator.Deploy.0 = Debug|Any CPU
		{7D38E855-484A-401F-A1FA-762CDA5B53AC}.Release|Any CPU.ActiveCfg = Release|Any CPU
		{7D38E855-484A-401F-A1FA-762CDA5B53AC}.Release|Any CPU.Build.0 = Release|Any CPU
		{7D38E855-484A-401F-A1FA-762CDA5B53AC}.Release|Any CPU.Deploy.0 = Release|Any CPU
		{7D38E855-484A-401F-A1FA-762CDA5B53AC}.Release|iPhone.ActiveCfg = Release|Any CPU
		{7D38E855-484A-401F-A1FA-762CDA5B53AC}.Release|iPhone.Build.0 = Release|Any CPU
		{7D38E855-484A-401F-A1FA-762CDA5B53AC}.Release|iPhone.Deploy.0 = Release|Any CPU
		{7D38E855-484A-401F-A1FA-762CDA5B53AC}.Release|iPhoneSimulator.ActiveCfg = Release|Any CPU
		{7D38E855-484A-401F-A1FA-762CDA5B53AC}.Release|iPhoneSimulator.Build.0 = Release|Any CPU
		{7D38E855-484A-401F-A1FA-762CDA5B53AC}.Release|iPhoneSimulator.Deploy.0 = Release|Any CPU
		{9E28F54F-DB23-40D9-8BE6-919DC219A138}.Debug|Any CPU.ActiveCfg = Debug|Any CPU
		{9E28F54F-DB23-40D9-8BE6-919DC219A138}.Debug|Any CPU.Build.0 = Debug|Any CPU
		{9E28F54F-DB23-40D9-8BE6-919DC219A138}.Debug|Any CPU.Deploy.0 = Debug|Any CPU
		{9E28F54F-DB23-40D9-8BE6-919DC219A138}.Debug|iPhone.ActiveCfg = Debug|Any CPU
		{9E28F54F-DB23-40D9-8BE6-919DC219A138}.Debug|iPhone.Build.0 = Debug|Any CPU
		{9E28F54F-DB23-40D9-8BE6-919DC219A138}.Debug|iPhone.Deploy.0 = Debug|Any CPU
		{9E28F54F-DB23-40D9-8BE6-919DC219A138}.Debug|iPhoneSimulator.ActiveCfg = Debug|Any CPU
		{9E28F54F-DB23-40D9-8BE6-919DC219A138}.Debug|iPhoneSimulator.Build.0 = Debug|Any CPU
		{9E28F54F-DB23-40D9-8BE6-919DC219A138}.Debug|iPhoneSimulator.Deploy.0 = Debug|Any CPU
		{9E28F54F-DB23-40D9-8BE6-919DC219A138}.Release|Any CPU.ActiveCfg = Release|Any CPU
		{9E28F54F-DB23-40D9-8BE6-919DC219A138}.Release|Any CPU.Build.0 = Release|Any CPU
		{9E28F54F-DB23-40D9-8BE6-919DC219A138}.Release|Any CPU.Deploy.0 = Release|Any CPU
		{9E28F54F-DB23-40D9-8BE6-919DC219A138}.Release|iPhone.ActiveCfg = Release|Any CPU
		{9E28F54F-DB23-40D9-8BE6-919DC219A138}.Release|iPhone.Build.0 = Release|Any CPU
		{9E28F54F-DB23-40D9-8BE6-919DC219A138}.Release|iPhone.Deploy.0 = Release|Any CPU
		{9E28F54F-DB23-40D9-8BE6-919DC219A138}.Release|iPhoneSimulator.ActiveCfg = Release|Any CPU
		{9E28F54F-DB23-40D9-8BE6-919DC219A138}.Release|iPhoneSimulator.Build.0 = Release|Any CPU
		{9E28F54F-DB23-40D9-8BE6-919DC219A138}.Release|iPhoneSimulator.Deploy.0 = Release|Any CPU
		{1304CDB6-A5C4-430C-848C-1EA6F3D4B048}.Debug|Any CPU.ActiveCfg = Debug|Any CPU
		{1304CDB6-A5C4-430C-848C-1EA6F3D4B048}.Debug|Any CPU.Build.0 = Debug|Any CPU
		{1304CDB6-A5C4-430C-848C-1EA6F3D4B048}.Debug|iPhone.ActiveCfg = Debug|Any CPU
		{1304CDB6-A5C4-430C-848C-1EA6F3D4B048}.Debug|iPhone.Build.0 = Debug|Any CPU
		{1304CDB6-A5C4-430C-848C-1EA6F3D4B048}.Debug|iPhoneSimulator.ActiveCfg = Debug|Any CPU
		{1304CDB6-A5C4-430C-848C-1EA6F3D4B048}.Debug|iPhoneSimulator.Build.0 = Debug|Any CPU
		{1304CDB6-A5C4-430C-848C-1EA6F3D4B048}.Release|Any CPU.ActiveCfg = Release|Any CPU
		{1304CDB6-A5C4-430C-848C-1EA6F3D4B048}.Release|Any CPU.Build.0 = Release|Any CPU
		{1304CDB6-A5C4-430C-848C-1EA6F3D4B048}.Release|iPhone.ActiveCfg = Release|Any CPU
		{1304CDB6-A5C4-430C-848C-1EA6F3D4B048}.Release|iPhone.Build.0 = Release|Any CPU
		{1304CDB6-A5C4-430C-848C-1EA6F3D4B048}.Release|iPhoneSimulator.ActiveCfg = Release|Any CPU
		{1304CDB6-A5C4-430C-848C-1EA6F3D4B048}.Release|iPhoneSimulator.Build.0 = Release|Any CPU
	EndGlobalSection
	GlobalSection(SolutionProperties) = preSolution
		HideSolutionNode = FALSE
	EndGlobalSection
	GlobalSection(ExtensibilityGlobals) = postSolution
		SolutionGuid = {A58D485B-1DEA-45B6-9726-9A96DD314D2E}
	EndGlobalSection
EndGlobal
